
Microsoft Visual Studio Solution File, Format Version 12.00
# Visual Studio Version 17
VisualStudioVersion = 17.8.34330.188
MinimumVisualStudioVersion = 10.0.40219.1
Project("{FAE04EC0-301F-11D3-BF4B-00C04F79EFBC}") = "1ZADATAK_ponavljanje", "1ZADATAK_ponavljanje\1ZADATAK_ponavljanje.csproj", "{2A02F6F5-807E-4100-A198-BB894D220DDE}"
EndProject
Global
	GlobalSection(SolutionConfigurationPlatforms) = preSolution
		Debug|Any CPU = Debug|Any CPU
		Release|Any CPU = Release|Any CPU
	EndGlobalSection
	GlobalSection(ProjectConfigurationPlatforms) = postSolution
		{2A02F6F5-807E-4100-A198-BB894D220DDE}.Debug|Any CPU.ActiveCfg = Debug|Any CPU
		{2A02F6F5-807E-4100-A198-BB894D220DDE}.Debug|Any CPU.Build.0 = Debug|Any CPU
		{2A02F6F5-807E-4100-A198-BB894D220DDE}.Release|Any CPU.ActiveCfg = Release|Any CPU
		{2A02F6F5-807E-4100-A198-BB894D220DDE}.Release|Any CPU.Build.0 = Release|Any CPU
	EndGlobalSection
	GlobalSection(SolutionProperties) = preSolution
		HideSolutionNode = FALSE
	EndGlobalSection
	GlobalSection(ExtensibilityGlobals) = postSolution
		SolutionGuid = {C6C8AB9D-08CC-4CE7-9AEE-DB7CFCCBA9A6}
	EndGlobalSection
EndGlobal
